{
    "name": "ags-config",
    "version": "0.0.0",
    "lockfileVersion": 3,
    "requires": true,
    "packages": {
        "": {
            "name": "ags-config",
            "version": "0.0.0",
            "devDependencies": {
                "@girs/dbusmenugtk3-0.4": "^0.4.0-3.2.6",
                "@girs/gobject-2.0": "^2.78.0-3.2.6",
                "@girs/gtk-3.0": "^3.24.38-3.2.6",
                "@girs/gvc-1.0": "^1.0.0-3.2.6",
                "@girs/nm-1.0": "^1.45.1-3.2.6",
                "typescript": "^5.3.3"
            }
        },
        "node_modules/@girs/atk-1.0": {
            "version": "2.50.0-3.2.6",
            "resolved": "https://registry.npmjs.org/@girs/atk-1.0/-/atk-1.0-2.50.0-3.2.6.tgz",
            "integrity": "sha512-u6aXdrD4za3F8w3lSsXOGnmaOsonr5WzbMVawIaYdzyni+0GTZWUoAsmPeELFSXybRJY7zAJuIho1F0nO030KQ==",
            "dev": true,
            "dependencies": {
                "@girs/gjs": "^3.2.6",
                "@girs/glib-2.0": "^2.78.0-3.2.6",
                "@girs/gobject-2.0": "^2.78.0-3.2.6"
            }
        },
        "node_modules/@girs/cairo-1.0": {
            "version": "1.0.0-3.2.6",
            "resolved": "https://registry.npmjs.org/@girs/cairo-1.0/-/cairo-1.0-1.0.0-3.2.6.tgz",
            "integrity": "sha512-cQa1/DpWc3bysBVZlvQCPQXRTFGQQk89iVQe3aU3hLK4NpTSIZrgx0DpIfgR0/mgwGZOFpJyN4eZC63JXZlZnw==",
            "dev": true,
            "dependencies": {
                "@girs/gjs": "^3.2.6",
                "@girs/glib-2.0": "^2.78.0-3.2.6",
                "@girs/gobject-2.0": "^2.78.0-3.2.6"
            }
        },
        "node_modules/@girs/dbusmenu-0.4": {
            "version": "0.4.0-3.2.6",
            "resolved": "https://registry.npmjs.org/@girs/dbusmenu-0.4/-/dbusmenu-0.4-0.4.0-3.2.6.tgz",
            "integrity": "sha512-cXKAX2QAErVvC71eRiC4MMO5wG9YLFzHcvaptTCTjsQhYovjwNoR2ftpIuKa+4mD+WdteTBOE74Cqov4DAniOw==",
            "dev": true,
            "dependencies": {
                "@girs/gjs": "^3.2.6",
                "@girs/glib-2.0": "^2.78.0-3.2.6",
                "@girs/gobject-2.0": "^2.78.0-3.2.6"
            }
        },
        "node_modules/@girs/dbusmenugtk3-0.4": {
            "version": "0.4.0-3.2.6",
            "resolved": "https://registry.npmjs.org/@girs/dbusmenugtk3-0.4/-/dbusmenugtk3-0.4-0.4.0-3.2.6.tgz",
            "integrity": "sha512-Pp5IQGzaORCmPzReLJlNv3cfetk/bz1DpszaUfCFpBCXDwLRyy/2OYyhwOwAtquJzgZ1QmCOkRQJnUfNP327VA==",
            "dev": true,
            "dependencies": {
                "@girs/atk-1.0": "^2.50.0-3.2.6",
                "@girs/cairo-1.0": "^1.0.0-3.2.6",
                "@girs/dbusmenu-0.4": "^0.4.0-3.2.6",
                "@girs/freetype2-2.0": "^2.0.0-3.2.6",
                "@girs/gdk-3.0": "^3.24.38-3.2.6",
                "@girs/gdkpixbuf-2.0": "^2.0.0-3.2.6",
                "@girs/gio-2.0": "^2.78.0-3.2.6",
                "@girs/gjs": "^3.2.6",
                "@girs/glib-2.0": "^2.78.0-3.2.6",
                "@girs/gmodule-2.0": "^2.0.0-3.2.6",
                "@girs/gobject-2.0": "^2.78.0-3.2.6",
                "@girs/gtk-3.0": "^3.24.38-3.2.6",
                "@girs/harfbuzz-0.0": "^8.2.1-3.2.6",
                "@girs/pango-1.0": "^1.51.0-3.2.6",
                "@girs/xlib-2.0": "^2.0.0-3.2.6"
            }
        },
        "node_modules/@girs/freetype2-2.0": {
            "version": "2.0.0-3.2.6",
            "resolved": "https://registry.npmjs.org/@girs/freetype2-2.0/-/freetype2-2.0-2.0.0-3.2.6.tgz",
            "integrity": "sha512-E8utYdnopbL0DxArc6KE95824xuWomzkEydVxNsaJqksusvItJR9T85JhQeHwtcKZbfxuFvrglO8cCCL7LrCLA==",
            "dev": true,
            "dependencies": {
                "@girs/gjs": "^3.2.6",
                "@girs/gobject-2.0": "^2.78.0-3.2.6"
            }
        },
        "node_modules/@girs/gdk-3.0": {
            "version": "3.24.38-3.2.6",
            "resolved": "https://registry.npmjs.org/@girs/gdk-3.0/-/gdk-3.0-3.24.38-3.2.6.tgz",
            "integrity": "sha512-fUwufZiZ3/BWniI+wwHF9hrdNKIOKKq9SSiM0YV/1MpBgsMYTOKMwCan5kHDWQLVYMua86J2uWO3G0E2d/eGBw==",
            "dev": true,
            "dependencies": {
                "@girs/cairo-1.0": "^1.0.0-3.2.6",
                "@girs/freetype2-2.0": "^2.0.0-3.2.6",
                "@girs/gdkpixbuf-2.0": "^2.0.0-3.2.6",
                "@girs/gio-2.0": "^2.78.0-3.2.6",
                "@girs/gjs": "^3.2.6",
                "@girs/glib-2.0": "^2.78.0-3.2.6",
                "@girs/gmodule-2.0": "^2.0.0-3.2.6",
                "@girs/gobject-2.0": "^2.78.0-3.2.6",
                "@girs/harfbuzz-0.0": "^8.2.1-3.2.6",
                "@girs/pango-1.0": "^1.51.0-3.2.6"
            }
        },
        "node_modules/@girs/gdkpixbuf-2.0": {
            "version": "2.0.0-3.2.6",
            "resolved": "https://registry.npmjs.org/@girs/gdkpixbuf-2.0/-/gdkpixbuf-2.0-2.0.0-3.2.6.tgz",
            "integrity": "sha512-iJyUeBzd09Qz6XgfCU0j22cG9xUmRW7V2Y8Uak04NEDt0JmbjIsTnsLUS1dtJ+pJH7+qccijJHVzTbQPnNVUsQ==",
            "dev": true,
            "dependencies": {
                "@girs/gio-2.0": "^2.78.0-3.2.6",
                "@girs/gjs": "^3.2.6",
                "@girs/glib-2.0": "^2.78.0-3.2.6",
                "@girs/gmodule-2.0": "^2.0.0-3.2.6",
                "@girs/gobject-2.0": "^2.78.0-3.2.6"
            }
        },
        "node_modules/@girs/gio-2.0": {
            "version": "2.78.0-3.2.6",
            "resolved": "https://registry.npmjs.org/@girs/gio-2.0/-/gio-2.0-2.78.0-3.2.6.tgz",
            "integrity": "sha512-MmPAB3gB5V2I5sfrbsj9D5/+iIcbkfqDYq8fAgLXav558xSDNjux+lNykxawL1oCNcxr+kC2PguYhnLEFCgxmA==",
            "dev": true,
            "dependencies": {
                "@girs/gjs": "^3.2.6",
                "@girs/glib-2.0": "^2.78.0-3.2.6",
                "@girs/gobject-2.0": "^2.78.0-3.2.6"
            }
        },
        "node_modules/@girs/gjs": {
            "version": "3.2.6",
            "resolved": "https://registry.npmjs.org/@girs/gjs/-/gjs-3.2.6.tgz",
            "integrity": "sha512-PY1i3RzkTw+kp/OKalPg5O6BHEiBq82PPq41GDivlkbrWcY1fX4UqcdjXBU7L0mRFd2po8ciVW9J0/yheyXXIg==",
            "dev": true,
            "dependencies": {
                "@girs/glib-2.0": "^2.78.0-3.2.6",
                "@girs/gobject-2.0": "^2.78.0-3.2.6"
            }
        },
        "node_modules/@girs/glib-2.0": {
            "version": "2.78.0-3.2.6",
            "resolved": "https://registry.npmjs.org/@girs/glib-2.0/-/glib-2.0-2.78.0-3.2.6.tgz",
            "integrity": "sha512-grdCdAH+mfdzoz5iMNKsvu+BSaJWaCdLcMyoa0tq/+Rz84D/2GmLslyomjFXzA7Xr6BrIXOzgHaTuRrCZNtnmw==",
            "dev": true,
            "dependencies": {
                "@girs/gjs": "^3.2.6",
                "@girs/gobject-2.0": "^2.78.0-3.2.6"
            }
        },
        "node_modules/@girs/gmodule-2.0": {
            "version": "2.0.0-3.2.6",
            "resolved": "https://registry.npmjs.org/@girs/gmodule-2.0/-/gmodule-2.0-2.0.0-3.2.6.tgz",
            "integrity": "sha512-KNkdMFTH0vzJMO/aIkLzue8xO0Oz+BlX8SbP+yVzEMtb+jlFzLd3VxA1W+60V3xpxkzSZbXbdCuSjBOx9hSaSA==",
            "dev": true,
            "dependencies": {
                "@girs/gjs": "^3.2.6",
                "@girs/glib-2.0": "^2.78.0-3.2.6",
                "@girs/gobject-2.0": "^2.78.0-3.2.6"
            }
        },
        "node_modules/@girs/gobject-2.0": {
            "version": "2.78.0-3.2.6",
            "resolved": "https://registry.npmjs.org/@girs/gobject-2.0/-/gobject-2.0-2.78.0-3.2.6.tgz",
            "integrity": "sha512-Yyy+hTpczMgkdgVADnSt4idEa29ZKFIbQTHjZutsUkn2kF3fxQMD7fQUpr03d0DSXY7gLKMwDtXq4XkH4cy0lg==",
            "dev": true,
            "dependencies": {
                "@girs/gjs": "^3.2.6",
                "@girs/glib-2.0": "^2.78.0-3.2.6"
            }
        },
        "node_modules/@girs/gtk-3.0": {
            "version": "3.24.38-3.2.6",
            "resolved": "https://registry.npmjs.org/@girs/gtk-3.0/-/gtk-3.0-3.24.38-3.2.6.tgz",
            "integrity": "sha512-dwPSOqGQiX9Fh5IHE5avVR5vFaDuCElbXRpdI++mvAszMD8C/0DQ4/CwUbSlXMMo42IrXGzJG3LuI+o3DWlv8A==",
            "dev": true,
            "dependencies": {
                "@girs/atk-1.0": "^2.50.0-3.2.6",
                "@girs/cairo-1.0": "^1.0.0-3.2.6",
                "@girs/freetype2-2.0": "^2.0.0-3.2.6",
                "@girs/gdk-3.0": "^3.24.38-3.2.6",
                "@girs/gdkpixbuf-2.0": "^2.0.0-3.2.6",
                "@girs/gio-2.0": "^2.78.0-3.2.6",
                "@girs/gjs": "^3.2.6",
                "@girs/glib-2.0": "^2.78.0-3.2.6",
                "@girs/gmodule-2.0": "^2.0.0-3.2.6",
                "@girs/gobject-2.0": "^2.78.0-3.2.6",
                "@girs/harfbuzz-0.0": "^8.2.1-3.2.6",
                "@girs/pango-1.0": "^1.51.0-3.2.6",
                "@girs/xlib-2.0": "^2.0.0-3.2.6"
            }
        },
        "node_modules/@girs/gvc-1.0": {
            "version": "1.0.0-3.2.6",
            "resolved": "https://registry.npmjs.org/@girs/gvc-1.0/-/gvc-1.0-1.0.0-3.2.6.tgz",
            "integrity": "sha512-jScCsKYdtxt3b7qHfsinAZ8T93NWPKakw1PVX1tor9UFCJTCUqDaISzeo8Z7mfQU2pSiLNyNfkg1rTEUw2ciAQ==",
            "dev": true,
            "dependencies": {
                "@girs/gio-2.0": "^2.78.0-3.2.6",
                "@girs/gjs": "^3.2.6",
                "@girs/glib-2.0": "^2.78.0-3.2.6",
                "@girs/gobject-2.0": "^2.78.0-3.2.6"
            }
        },
        "node_modules/@girs/harfbuzz-0.0": {
            "version": "8.2.1-3.2.6",
            "resolved": "https://registry.npmjs.org/@girs/harfbuzz-0.0/-/harfbuzz-0.0-8.2.1-3.2.6.tgz",
            "integrity": "sha512-SHaXwp01mfWxwAJAtagZ/b+dnqGnjzr/9qLv3KUEfBx1P3eI6oSB0xbpi+c/yXrrbIjZd1vuVkCsdchy+Spj8w==",
            "dev": true,
            "dependencies": {
                "@girs/freetype2-2.0": "^2.0.0-3.2.6",
                "@girs/gjs": "^3.2.6",
                "@girs/glib-2.0": "^2.78.0-3.2.6",
                "@girs/gobject-2.0": "^2.78.0-3.2.6"
            }
        },
        "node_modules/@girs/nm-1.0": {
            "version": "1.45.1-3.2.6",
            "resolved": "https://registry.npmjs.org/@girs/nm-1.0/-/nm-1.0-1.45.1-3.2.6.tgz",
            "integrity": "sha512-hTi8pYm/JfaOazT6cqEWdlzwwQBs/MjzKExlP/wA0J7yQ7jDISnHFvg/pGZWQL/fp+gW/ZisejxO1/NpO2fGXA==",
            "dev": true,
            "dependencies": {
                "@girs/gio-2.0": "^2.78.0-3.2.6",
                "@girs/gjs": "^3.2.6",
                "@girs/glib-2.0": "^2.78.0-3.2.6",
                "@girs/gobject-2.0": "^2.78.0-3.2.6"
            }
        },
        "node_modules/@girs/pango-1.0": {
            "version": "1.51.0-3.2.6",
            "resolved": "https://registry.npmjs.org/@girs/pango-1.0/-/pango-1.0-1.51.0-3.2.6.tgz",
            "integrity": "sha512-8c+YXB/+OkEM0EZ3t2czVLPutklUF3AQFb6lYHrdzIYSmdMDUNCHT2dJ85ug1SKHZ/HfKl/bsMz9PTqXGYIT8Q==",
            "dev": true,
            "dependencies": {
                "@girs/cairo-1.0": "^1.0.0-3.2.6",
                "@girs/freetype2-2.0": "^2.0.0-3.2.6",
                "@girs/gio-2.0": "^2.78.0-3.2.6",
                "@girs/gjs": "^3.2.6",
                "@girs/glib-2.0": "^2.78.0-3.2.6",
                "@girs/gobject-2.0": "^2.78.0-3.2.6",
                "@girs/harfbuzz-0.0": "^8.2.1-3.2.6"
            }
        },
        "node_modules/@girs/xlib-2.0": {
            "version": "2.0.0-3.2.6",
            "resolved": "https://registry.npmjs.org/@girs/xlib-2.0/-/xlib-2.0-2.0.0-3.2.6.tgz",
            "integrity": "sha512-mXo+BEYQNEZp3pOahxt4Bl42YZTciWO2C0705o/ZKW6dQE5ky08wiG2t6Y8x0w6vYVeg9xWP9oz2jUOAdfTsdA==",
            "dev": true,
            "dependencies": {
                "@girs/gjs": "^3.2.6",
                "@girs/gobject-2.0": "^2.78.0-3.2.6"
            }
        },
        "node_modules/typescript": {
            "version": "5.3.3",
            "resolved": "https://registry.npmjs.org/typescript/-/typescript-5.3.3.tgz",
            "integrity": "sha512-pXWcraxM0uxAS+tN0AG/BF2TyqmHO014Z070UsJ+pFvYuRSq8KH8DmWpnbXe0pEPDHXZV3FcAbJkijJ5oNEnWw==",
            "dev": true,
            "bin": {
                "tsc": "bin/tsc",
                "tsserver": "bin/tsserver"
            },
            "engines": {
                "node": ">=14.17"
            }
        }
    }
}
