lockfileVersion: '9.0'

settings:
  autoInstallPeers: true
  excludeLinksFromLockfile: false

importers:

  .:
    dependencies:
      '@joplin/turndown-plugin-gfm':
        specifier: ^1.0.64
        version: 1.0.67
      turndown:
        specifier: ^7.2.4
        version: 7.2.4

packages:

  '@joplin/turndown-plugin-gfm@1.0.67':
    resolution: {integrity: sha512-FZfW5EZfidhzd1IaY1uxHnIZPTVOxAdleMZ4/1U6Nt5b7+Qj5JThDnaIomuJtetnUBzuRNbe9FWMuqD4B3dlWA==}

  '@mixmark-io/domino@2.2.0':
    resolution: {integrity: sha512-Y28PR25bHXUg88kCV7nivXrP2Nj2RueZ3/l/jdx6J9f8J4nsEGcgX0Qe6lt7Pa+J79+kPiJU3LguR6O/6zrLOw==}

  turndown@7.2.4:
    resolution: {integrity: sha512-I8yFsfRzmzK0WV1pNNOA4A7y4RDfFxPRxb3t+e3ui14qSGOxGtiSP6GjeX+Y6CHb7HYaFj7ECUD7VE5kQMZWGQ==}
    engines: {node: '>=18', npm: '>=9'}

snapshots:

  '@joplin/turndown-plugin-gfm@1.0.67': {}

  '@mixmark-io/domino@2.2.0': {}

  turndown@7.2.4:
    dependencies:
      '@mixmark-io/domino': 2.2.0
